{
  "name": "orbital-container",
  "version": "1.0.0",
  "lockfileVersion": 3,
  "requires": true,
  "packages": {
    "": {
      "name": "orbital-container",
      "version": "1.0.0",
      "license": "ISC",
      "dependencies": {
        "commander": "^13.1.0",
        "wabt": "^1.0.37"
      },
      "devDependencies": {
        "@types/node": "^22.15.16",
        "typescript": "^5.8.3"
      }
    },
    "node_modules/@types/node": {
      "version": "22.15.16",
      "resolved": "https://registry.npmjs.org/@types/node/-/node-22.15.16.tgz",
      "integrity": "sha512-3pr+KjwpVujqWqOKT8mNR+rd09FqhBLwg+5L/4t0cNYBzm/yEiYGCxWttjaPBsLtAo+WFNoXzGJfolM1JuRXoA==",
      "dev": true,
      "dependencies": {
        "undici-types": "~6.21.0"
      }
    },
    "node_modules/commander": {
      "version": "13.1.0",
      "resolved": "https://registry.npmjs.org/commander/-/commander-13.1.0.tgz",
      "integrity": "sha512-/rFeCpNJQbhSZjGVwO9RFV3xPqbnERS8MmIQzCtD/zl6gpJuV/bMLuN92oG3F7d8oDEHHRrujSXNUr8fpjntKw==",
      "engines": {
        "node": ">=18"
      }
    },
    "node_modules/typescript": {
      "version": "5.8.3",
      "resolved": "https://registry.npmjs.org/typescript/-/typescript-5.8.3.tgz",
      "integrity": "sha512-p1diW6TqL9L07nNxvRMM7hMMw4c5XOo/1ibL4aAIGmSAt9slTE1Xgw5KWuof2uTOvCg9BY7ZRi+GaF+7sfgPeQ==",
      "dev": true,
      "bin": {
        "tsc": "bin/tsc",
        "tsserver": "bin/tsserver"
      },
      "engines": {
        "node": ">=14.17"
      }
    },
    "node_modules/undici-types": {
      "version": "6.21.0",
      "resolved": "https://registry.npmjs.org/undici-types/-/undici-types-6.21.0.tgz",
      "integrity": "sha512-iwDZqg0QAGrg9Rav5H4n0M64c3mkR59cJ6wQp+7C4nI0gsmExaedaYLNO44eT4AtBBwjbTiGPMlt2Md0T9H9JQ==",
      "dev": true
    },
    "node_modules/wabt": {
      "version": "1.0.37",
      "resolved": "https://registry.npmjs.org/wabt/-/wabt-1.0.37.tgz",
      "integrity": "sha512-2B/TH4ppwtlkUosLtuIimKsTVnqM8aoXxYHnu/WOxiSqa+CGoZXmG+pQyfDQjEKIAc7GqFlJsuCKuK8rIPL1sg==",
      "bin": {
        "wasm-decompile": "bin/wasm-decompile",
        "wasm-interp": "bin/wasm-interp",
        "wasm-objdump": "bin/wasm-objdump",
        "wasm-stats": "bin/wasm-stats",
        "wasm-strip": "bin/wasm-strip",
        "wasm-validate": "bin/wasm-validate",
        "wasm2c": "bin/wasm2c",
        "wasm2wat": "bin/wasm2wat",
        "wat2wasm": "bin/wat2wasm"
      }
    }
  }
}
